# This file was autogenerated by Stack.
# You should not edit this file by hand.
# For more information, please see the documentation at:
#   https://docs.haskellstack.org/en/stable/lock_files

packages:
- completed:
    hackage: sharc-timbre-0.2@sha256:b6bc95680069e6962d683d1cc214045c5eea6277e7383cb99656c85bdcef822f,2725
    pantry-tree:
      sha256: 590520d39e4ac99d334ab037d791451dde7e6d6adc5c8a75a245533de33500b7
      size: 3730
  original:
    hackage: sharc-timbre-0.2
- completed:
    hackage: temporal-media-0.6.3@sha256:7a27d711a786c3dc9163433627e51efcc4b3fce3a947b71c29f3e388f37cae59,857
    pantry-tree:
      sha256: 97120e833d668b1b319d80c45c79c410df18907d069e00f8ca070cf1f1e68996
      size: 282
  original:
    hackage: temporal-media-0.6.3
- completed:
    hackage: data-fix-cse-0.0.3@sha256:c29b23ed2d321e11314599d7a9b8a9d67d5f5dc1206d5665b3408a7d826a8bdc,1000
    pantry-tree:
      sha256: 970eba7722f815b50034ea7a031df3a2254aa1aecc15b2571219cf2a81f567dc
      size: 503
  original:
    hackage: data-fix-cse-0.0.3
- completed:
    commit: 345df2c91c9831dd895f58951990165598504814
    git: https://github.com/spell-music/csound-expression.git
    name: csound-catalog
    pantry-tree:
      sha256: beaffca92842390a564665f2d84245c3675dcc2f1ec1db28657f135f91ad74e1
      size: 2485
    subdir: csound-catalog
    version: 0.7.6
  original:
    commit: 345df2c91c9831dd895f58951990165598504814
    git: https://github.com/spell-music/csound-expression.git
    subdir: csound-catalog
- completed:
    commit: 345df2c91c9831dd895f58951990165598504814
    git: https://github.com/spell-music/csound-expression.git
    name: csound-controllers
    pantry-tree:
      sha256: 527a796247b085ac76cec89b7565c9972a20981c5235d2ebcd6915f9e503a1fd
      size: 388
    subdir: csound-controllers
    version: 0.1.1.0
  original:
    commit: 345df2c91c9831dd895f58951990165598504814
    git: https://github.com/spell-music/csound-expression.git
    subdir: csound-controllers
- completed:
    commit: 345df2c91c9831dd895f58951990165598504814
    git: https://github.com/spell-music/csound-expression.git
    name: csound-expression-dynamic
    pantry-tree:
      sha256: d5755d7938b7d4c4afdf111faf2d908a19495065a7a0d1722eedb0212bb75763
      size: 1457
    subdir: csound-expression-dynamic
    version: 0.3.9
  original:
    commit: 345df2c91c9831dd895f58951990165598504814
    git: https://github.com/spell-music/csound-expression.git
    subdir: csound-expression-dynamic
- completed:
    commit: 345df2c91c9831dd895f58951990165598504814
    git: https://github.com/spell-music/csound-expression.git
    name: csound-expression-opcodes
    pantry-tree:
      sha256: daa8088fcd111663ac822a6079eea2035469a0df5092f90feb2ebe3b3bcc9cbf
      size: 2270
    subdir: csound-expression-opcodes
    version: 0.0.5.1
  original:
    commit: 345df2c91c9831dd895f58951990165598504814
    git: https://github.com/spell-music/csound-expression.git
    subdir: csound-expression-opcodes
- completed:
    commit: 345df2c91c9831dd895f58951990165598504814
    git: https://github.com/spell-music/csound-expression.git
    name: csound-expression-typed
    pantry-tree:
      sha256: 13621218ce657821eeb3b8eadf57a39d16be72ed880324aed2f1539a2ff6ccd7
      size: 7639
    subdir: csound-expression-typed
    version: 0.2.7
  original:
    commit: 345df2c91c9831dd895f58951990165598504814
    git: https://github.com/spell-music/csound-expression.git
    subdir: csound-expression-typed
- completed:
    commit: 345df2c91c9831dd895f58951990165598504814
    git: https://github.com/spell-music/csound-expression.git
    name: csound-expression
    pantry-tree:
      sha256: e76d5380542451d65988812448088877e88c745323a70e892d674451e96ce0da
      size: 6980
    subdir: csound-expression
    version: 5.4.3
  original:
    commit: 345df2c91c9831dd895f58951990165598504814
    git: https://github.com/spell-music/csound-expression.git
    subdir: csound-expression
- completed:
    commit: 345df2c91c9831dd895f58951990165598504814
    git: https://github.com/spell-music/csound-expression.git
    name: csound-sampler
    pantry-tree:
      sha256: f2c28ef3e5c7c691c31d75ee7d968b71178e1f61608be2b9b11a41ab486c6cd8
      size: 519
    subdir: csound-sampler
    version: 0.0.10.1
  original:
    commit: 345df2c91c9831dd895f58951990165598504814
    git: https://github.com/spell-music/csound-expression.git
    subdir: csound-sampler
- completed:
    commit: 345df2c91c9831dd895f58951990165598504814
    git: https://github.com/spell-music/csound-expression.git
    name: gen-csound-opcodes
    pantry-tree:
      sha256: 169dca34579ba46d2c310409e37cdc92fbf28d4fdafcfacd61c4990dfe8473ba
      size: 903
    subdir: gen-csound-opcodes
    version: '0.1'
  original:
    commit: 345df2c91c9831dd895f58951990165598504814
    git: https://github.com/spell-music/csound-expression.git
    subdir: gen-csound-opcodes
snapshots:
- completed:
    sha256: 42f77c84b34f68c30c2cd0bf8c349f617a0f428264362426290847a6a2019b64
    size: 649618
    url: https://raw.githubusercontent.com/commercialhaskell/stackage-snapshots/master/lts/20/19.yaml
  original: lts-20.19
